
Microsoft Visual Studio Solution File, Format Version 12.00
# Visual Studio Version 17
VisualStudioVersion = 17.13.35919.96 d17.13
MinimumVisualStudioVersion = 10.0.40219.1
Project("{FAE04EC0-301F-11D3-BF4B-00C04F79EFBC}") = "Contact ASP.NET Core MVC Application", "Contact ASP.NET Core MVC Application\Contact ASP.NET Core MVC Application.csproj", "{499DDAEA-B0A4-42AD-8340-37CF5C491FF6}"
EndProject
Global
	GlobalSection(SolutionConfigurationPlatforms) = preSolution
		Debug|Any CPU = Debug|Any CPU
		Release|Any CPU = Release|Any CPU
	EndGlobalSection
	GlobalSection(ProjectConfigurationPlatforms) = postSolution
		{499DDAEA-B0A4-42AD-8340-37CF5C491FF6}.Debug|Any CPU.ActiveCfg = Debug|Any CPU
		{499DDAEA-B0A4-42AD-8340-37CF5C491FF6}.Debug|Any CPU.Build.0 = Debug|Any CPU
		{499DDAEA-B0A4-42AD-8340-37CF5C491FF6}.Release|Any CPU.ActiveCfg = Release|Any CPU
		{499DDAEA-B0A4-42AD-8340-37CF5C491FF6}.Release|Any CPU.Build.0 = Release|Any CPU
	EndGlobalSection
	GlobalSection(SolutionProperties) = preSolution
		HideSolutionNode = FALSE
	EndGlobalSection
	GlobalSection(ExtensibilityGlobals) = postSolution
		SolutionGuid = {7B1AE2C2-6A87-4D3F-8972-11DBC9F3CC3E}
	EndGlobalSection
EndGlobal
